{
  "requires": true,
  "lockfileVersion": 1,
  "dependencies": {
    "@babel/helper-module-imports": {
      "version": "7.0.0-beta.35",
      "resolved": "https://registry.npm.taobao.org/@babel/helper-module-imports/download/@babel/helper-module-imports-7.0.0-beta.35.tgz?cache=0&sync_timestamp=1612314636371&other_urls=https%3A%2F%2Fregistry.npm.taobao.org%2F%40babel%2Fhelper-module-imports%2Fdownload%2F%40babel%2Fhelper-module-imports-7.0.0-beta.35.tgz",
      "integrity": "sha1-MI41DnMXUs200PBY3x1wSSXGTgo=",
      "dev": true,
      "requires": {
        "@babel/types": "7.0.0-beta.35",
        "lodash": "^4.2.0"
      }
    },
    "@babel/types": {
      "version": "7.0.0-beta.35",
      "resolved": "https://registry.npm.taobao.org/@babel/types/download/@babel/types-7.0.0-beta.35.tgz",
      "integrity": "sha1-z5M6mpo4SEynJLM1uI2Dcm1auWA=",
      "dev": true,
      "requires": {
        "esutils": "^2.0.2",
        "lodash": "^4.2.0",
        "to-fast-properties": "^2.0.0"
      }
    },
    "babel-plugin-component": {
      "version": "1.1.1",
      "resolved": "https://registry.npm.taobao.org/babel-plugin-component/download/babel-plugin-component-1.1.1.tgz",
      "integrity": "sha1-mwI6I/9cmq4P1WxaGLnKuMTUXuo=",
      "dev": true,
      "requires": {
        "@babel/helper-module-imports": "7.0.0-beta.35"
      }
    },
    "esutils": {
      "version": "2.0.3",
      "resolved": "https://registry.npm.taobao.org/esutils/download/esutils-2.0.3.tgz",
      "integrity": "sha1-dNLrTeC42hKTcRkQ1Qd1ubcQ72Q=",
      "dev": true
    },
    "lodash": {
      "version": "4.17.21",
      "resolved": "https://registry.npm.taobao.org/lodash/download/lodash-4.17.21.tgz?cache=0&sync_timestamp=1613835860585&other_urls=https%3A%2F%2Fregistry.npm.taobao.org%2Flodash%2Fdownload%2Flodash-4.17.21.tgz",
      "integrity": "sha1-Z5WRxWTDv/quhFTPCz3zcMPWkRw=",
      "dev": true
    },
    "to-fast-properties": {
      "version": "2.0.0",
      "resolved": "https://registry.npm.taobao.org/to-fast-properties/download/to-fast-properties-2.0.0.tgz?cache=0&sync_timestamp=1580550347606&other_urls=https%3A%2F%2Fregistry.npm.taobao.org%2Fto-fast-properties%2Fdownload%2Fto-fast-properties-2.0.0.tgz",
      "integrity": "sha1-3F5pjL0HkmW8c+A3doGk5Og/YW4=",
      "dev": true
    }
  }
}
